lockfileVersion: '9.0'

settings:
  autoInstallPeers: true
  excludeLinksFromLockfile: false

importers:

  .:
    devDependencies:
      '@total-typescript/tsconfig':
        specifier: ^1.0.4
        version: 1.0.4
      typescript:
        specifier: ^5.7.2
        version: 5.7.2

packages:

  '@total-typescript/tsconfig@1.0.4':
    resolution: {integrity: sha512-fO4ctMPGz1kOFOQ4RCPBRBfMy3gDn+pegUfrGyUFRMv/Rd0ZM3/SHH3hFCYG4u6bPLG8OlmOGcBLDexvyr3A5w==}

  typescript@5.7.2:
    resolution: {integrity: sha512-i5t66RHxDvVN40HfDd1PsEThGNnlMCMT3jMUuoh9/0TaqWevNontacunWyN02LA9/fIbEWlcHZcgTKb9QoaLfg==}
    engines: {node: '>=14.17'}
    hasBin: true

snapshots:

  '@total-typescript/tsconfig@1.0.4': {}

  typescript@5.7.2: {}
